// !$*UTF8*$!
{
	archiveVersion = 1;
	classes = {
	};
	objectVersion = 46;
	objects = {

/* Begin PBXBuildFile section */
		330D8FE5A4418C0FE7172B5F /* Pods_pokedex.framework in Frameworks */ = {isa = PBXBuildFile; fileRef = F30D19407D7F74CA371E1666 /* Pods_pokedex.framework */; };
		352A7C9C1D268C18005E432A /* AppDelegate.swift in Sources */ = {isa = PBXBuildFile; fileRef = 352A7C9B1D268C18005E432A /* AppDelegate.swift */; };
		352A7C9E1D268C18005E432A /* ViewController.swift in Sources */ = {isa = PBXBuildFile; fileRef = 352A7C9D1D268C18005E432A /* ViewController.swift */; };
		352A7CA31D268C18005E432A /* Assets.xcassets in Resources */ = {isa = PBXBuildFile; fileRef = 352A7CA21D268C18005E432A /* Assets.xcassets */; };
		352A7CA61D268C18005E432A /* LaunchScreen.storyboard in Resources */ = {isa = PBXBuildFile; fileRef = 352A7CA41D268C18005E432A /* LaunchScreen.storyboard */; };
		352A7CAE1D268E4B005E432A /* pokemon.csv in Resources */ = {isa = PBXBuildFile; fileRef = 352A7CAD1D268E4B005E432A /* pokemon.csv */; };
		352A7CB11D268F6B005E432A /* Pokemon.swift in Sources */ = {isa = PBXBuildFile; fileRef = 352A7CB01D268F6B005E432A /* Pokemon.swift */; };
		352A7CB41D2694CB005E432A /* PokeCell.swift in Sources */ = {isa = PBXBuildFile; fileRef = 352A7CB31D2694CB005E432A /* PokeCell.swift */; };
		352A7CB61D269EBF005E432A /* csv.swift in Sources */ = {isa = PBXBuildFile; fileRef = 352A7CB51D269EBF005E432A /* csv.swift */; };
		352A7CBB1D26A2AC005E432A /* pokemon.ttf in Resources */ = {isa = PBXBuildFile; fileRef = 352A7CBA1D26A2AC005E432A /* pokemon.ttf */; };
		352A7CBD1D26A5F6005E432A /* music.mp3 in Resources */ = {isa = PBXBuildFile; fileRef = 352A7CBC1D26A5F6005E432A /* music.mp3 */; };
		352A7CBF1D26FDBF005E432A /* PokemonDetailVC.swift in Sources */ = {isa = PBXBuildFile; fileRef = 352A7CBE1D26FDBF005E432A /* PokemonDetailVC.swift */; };
		352A7CC11D270135005E432A /* Main.storyboard in Resources */ = {isa = PBXBuildFile; fileRef = 352A7CC01D270135005E432A /* Main.storyboard */; };
		355B789D1D284797000C91F2 /* Constants.swift in Sources */ = {isa = PBXBuildFile; fileRef = 355B789C1D284797000C91F2 /* Constants.swift */; };
/* End PBXBuildFile section */

/* Begin PBXFileReference section */
		352A7C981D268C18005E432A /* pokedex.app */ = {isa = PBXFileReference; explicitFileType = wrapper.application; includeInIndex = 0; path = pokedex.app; sourceTree = BUILT_PRODUCTS_DIR; };
		352A7C9B1D268C18005E432A /* AppDelegate.swift */ = {isa = PBXFileReference; lastKnownFileType = sourcecode.swift; path = AppDelegate.swift; sourceTree = "<group>"; };
		352A7C9D1D268C18005E432A /* ViewController.swift */ = {isa = PBXFileReference; lastKnownFileType = sourcecode.swift; path = ViewController.swift; sourceTree = "<group>"; };
		352A7CA21D268C18005E432A /* Assets.xcassets */ = {isa = PBXFileReference; lastKnownFileType = folder.assetcatalog; path = Assets.xcassets; sourceTree = "<group>"; };
		352A7CA51D268C18005E432A /* Base */ = {isa = PBXFileReference; lastKnownFileType = file.storyboard; name = Base; path = Base.lproj/LaunchScreen.storyboard; sourceTree = "<group>"; };
		352A7CA71D268C18005E432A /* Info.plist */ = {isa = PBXFileReference; lastKnownFileType = text.plist.xml; path = Info.plist; sourceTree = "<group>"; };
		352A7CAD1D268E4B005E432A /* pokemon.csv */ = {isa = PBXFileReference; fileEncoding = 4; lastKnownFileType = text; path = pokemon.csv; sourceTree = "<group>"; };
		352A7CB01D268F6B005E432A /* Pokemon.swift */ = {isa = PBXFileReference; fileEncoding = 4; lastKnownFileType = sourcecode.swift; path = Pokemon.swift; sourceTree = "<group>"; };
		352A7CB31D2694CB005E432A /* PokeCell.swift */ = {isa = PBXFileReference; fileEncoding = 4; lastKnownFileType = sourcecode.swift; path = PokeCell.swift; sourceTree = "<group>"; };
		352A7CB51D269EBF005E432A /* csv.swift */ = {isa = PBXFileReference; fileEncoding = 4; lastKnownFileType = sourcecode.swift; path = csv.swift; sourceTree = "<group>"; };
		352A7CBA1D26A2AC005E432A /* pokemon.ttf */ = {isa = PBXFileReference; lastKnownFileType = file; path = pokemon.ttf; sourceTree = "<group>"; };
		352A7CBC1D26A5F6005E432A /* music.mp3 */ = {isa = PBXFileReference; lastKnownFileType = audio.mp3; path = music.mp3; sourceTree = "<group>"; };
		352A7CBE1D26FDBF005E432A /* PokemonDetailVC.swift */ = {isa = PBXFileReference; fileEncoding = 4; lastKnownFileType = sourcecode.swift; path = PokemonDetailVC.swift; sourceTree = "<group>"; };
		352A7CC01D270135005E432A /* Main.storyboard */ = {isa = PBXFileReference; fileEncoding = 4; lastKnownFileType = file.storyboard; path = Main.storyboard; sourceTree = "<group>"; };
		355B789C1D284797000C91F2 /* Constants.swift */ = {isa = PBXFileReference; fileEncoding = 4; lastKnownFileType = sourcecode.swift; path = Constants.swift; sourceTree = "<group>"; };
		88D9D26089547E9C04AC8317 /* Pods-pokedex.release.xcconfig */ = {isa = PBXFileReference; includeInIndex = 1; lastKnownFileType = text.xcconfig; name = "Pods-pokedex.release.xcconfig"; path = "Pods/Target Support Files/Pods-pokedex/Pods-pokedex.release.xcconfig"; sourceTree = "<group>"; };
		9CEB2909E2848C296DAEFC47 /* Pods-pokedex.debug.xcconfig */ = {isa = PBXFileReference; includeInIndex = 1; lastKnownFileType = text.xcconfig; name = "Pods-pokedex.debug.xcconfig"; path = "Pods/Target Support Files/Pods-pokedex/Pods-pokedex.debug.xcconfig"; sourceTree = "<group>"; };
		F30D19407D7F74CA371E1666 /* Pods_pokedex.framework */ = {isa = PBXFileReference; explicitFileType = wrapper.framework; includeInIndex = 0; path = Pods_pokedex.framework; sourceTree = BUILT_PRODUCTS_DIR; };
/* End PBXFileReference section */

/* Begin PBXFrameworksBuildPhase section */
		352A7C951D268C18005E432A /* Frameworks */ = {
			isa = PBXFrameworksBuildPhase;
			buildActionMask = 2147483647;
			files = (
				330D8FE5A4418C0FE7172B5F /* Pods_pokedex.framework in Frameworks */,
			);
			runOnlyForDeploymentPostprocessing = 0;
		};
/* End PBXFrameworksBuildPhase section */

/* Begin PBXGroup section */
		352A7C8F1D268C18005E432A = {
			isa = PBXGroup;
			children = (
				352A7C9A1D268C18005E432A /* pokedex */,
				352A7C991D268C18005E432A /* Products */,
				DFE68C8DA2106AF1DF7CA77F /* Pods */,
				394049472FDC2EB2572AEE64 /* Frameworks */,
			);
			sourceTree = "<group>";
		};
		352A7C991D268C18005E432A /* Products */ = {
			isa = PBXGroup;
			children = (
				352A7C981D268C18005E432A /* pokedex.app */,
			);
			name = Products;
			sourceTree = "<group>";
		};
		352A7C9A1D268C18005E432A /* pokedex */ = {
			isa = PBXGroup;
			children = (
				352A7CAF1D268F5C005E432A /* Model */,
				352A7CB21D26949D005E432A /* View */,
				352A7CB81D269EE2005E432A /* Controller */,
				352A7CB71D269ED4005E432A /* Util */,
				352A7CB91D269EF0005E432A /* Resources */,
				352A7C9B1D268C18005E432A /* AppDelegate.swift */,
				352A7CB51D269EBF005E432A /* csv.swift */,
				352A7CC01D270135005E432A /* Main.storyboard */,
				352A7CA21D268C18005E432A /* Assets.xcassets */,
				352A7CA41D268C18005E432A /* LaunchScreen.storyboard */,
				352A7CA71D268C18005E432A /* Info.plist */,
			);
			path = pokedex;
			sourceTree = "<group>";
		};
		352A7CAF1D268F5C005E432A /* Model */ = {
			isa = PBXGroup;
			children = (
				352A7CB01D268F6B005E432A /* Pokemon.swift */,
			);
			name = Model;
			sourceTree = "<group>";
		};
		352A7CB21D26949D005E432A /* View */ = {
			isa = PBXGroup;
			children = (
				352A7CB31D2694CB005E432A /* PokeCell.swift */,
			);
			name = View;
			sourceTree = "<group>";
		};
		352A7CB71D269ED4005E432A /* Util */ = {
			isa = PBXGroup;
			children = (
				355B789C1D284797000C91F2 /* Constants.swift */,
			);
			name = Util;
			sourceTree = "<group>";
		};
		352A7CB81D269EE2005E432A /* Controller */ = {
			isa = PBXGroup;
			children = (
				352A7C9D1D268C18005E432A /* ViewController.swift */,
				352A7CBE1D26FDBF005E432A /* PokemonDetailVC.swift */,
			);
			name = Controller;
			sourceTree = "<group>";
		};
		352A7CB91D269EF0005E432A /* Resources */ = {
			isa = PBXGroup;
			children = (
				352A7CBC1D26A5F6005E432A /* music.mp3 */,
				352A7CBA1D26A2AC005E432A /* pokemon.ttf */,
				352A7CAD1D268E4B005E432A /* pokemon.csv */,
			);
			name = Resources;
			sourceTree = "<group>";
		};
		394049472FDC2EB2572AEE64 /* Frameworks */ = {
			isa = PBXGroup;
			children = (
				F30D19407D7F74CA371E1666 /* Pods_pokedex.framework */,
			);
			name = Frameworks;
			sourceTree = "<group>";
		};
		DFE68C8DA2106AF1DF7CA77F /* Pods */ = {
			isa = PBXGroup;
			children = (
				9CEB2909E2848C296DAEFC47 /* Pods-pokedex.debug.xcconfig */,
				88D9D26089547E9C04AC8317 /* Pods-pokedex.release.xcconfig */,
			);
			name = Pods;
			sourceTree = "<group>";
		};
/* End PBXGroup section */

/* Begin PBXNativeTarget section */
		352A7C971D268C18005E432A /* pokedex */ = {
			isa = PBXNativeTarget;
			buildConfigurationList = 352A7CAA1D268C18005E432A /* Build configuration list for PBXNativeTarget "pokedex" */;
			buildPhases = (
				C8841FE9E9E8AC5FE1E8D348 /* [CP] Check Pods Manifest.lock */,
				352A7C941D268C18005E432A /* Sources */,
				352A7C951D268C18005E432A /* Frameworks */,
				352A7C961D268C18005E432A /* Resources */,
				2AFEBECFA011C1E0BB7F26E5 /* [CP] Embed Pods Frameworks */,
				4F00073251DDA9A48E8EFD2D /* [CP] Copy Pods Resources */,
			);
			buildRules = (
			);
			dependencies = (
			);
			name = pokedex;
			productName = pokedex;
			productReference = 352A7C981D268C18005E432A /* pokedex.app */;
			productType = "com.apple.product-type.application";
		};
/* End PBXNativeTarget section */

/* Begin PBXProject section */
		352A7C901D268C18005E432A /* Project object */ = {
			isa = PBXProject;
			attributes = {
				LastSwiftUpdateCheck = 0730;
				LastUpgradeCheck = 0730;
				ORGANIZATIONNAME = Fredrik;
				TargetAttributes = {
					352A7C971D268C18005E432A = {
						CreatedOnToolsVersion = 7.3.1;
					};
				};
			};
			buildConfigurationList = 352A7C931D268C18005E432A /* Build configuration list for PBXProject "pokedex" */;
			compatibilityVersion = "Xcode 3.2";
			developmentRegion = English;
			hasScannedForEncodings = 0;
			knownRegions = (
				en,
				Base,
			);
			mainGroup = 352A7C8F1D268C18005E432A;
			productRefGroup = 352A7C991D268C18005E432A /* Products */;
			projectDirPath = "";
			projectRoot = "";
			targets = (
				352A7C971D268C18005E432A /* pokedex */,
			);
		};
/* End PBXProject section */

/* Begin PBXResourcesBuildPhase section */
		352A7C961D268C18005E432A /* Resources */ = {
			isa = PBXResourcesBuildPhase;
			buildActionMask = 2147483647;
			files = (
				352A7CBB1D26A2AC005E432A /* pokemon.ttf in Resources */,
				352A7CA61D268C18005E432A /* LaunchScreen.storyboard in Resources */,
				352A7CBD1D26A5F6005E432A /* music.mp3 in Resources */,
				352A7CC11D270135005E432A /* Main.storyboard in Resources */,
				352A7CA31D268C18005E432A /* Assets.xcassets in Resources */,
				352A7CAE1D268E4B005E432A /* pokemon.csv in Resources */,
			);
			runOnlyForDeploymentPostprocessing = 0;
		};
/* End PBXResourcesBuildPhase section */

/* Begin PBXShellScriptBuildPhase section */
		2AFEBECFA011C1E0BB7F26E5 /* [CP] Embed Pods Frameworks */ = {
			isa = PBXShellScriptBuildPhase;
			buildActionMask = 2147483647;
			files = (
			);
			inputPaths = (
			);
			name = "[CP] Embed Pods Frameworks";
			outputPaths = (
			);
			runOnlyForDeploymentPostprocessing = 0;
			shellPath = /bin/sh;
			shellScript = "\"${SRCROOT}/Pods/Target Support Files/Pods-pokedex/Pods-pokedex-frameworks.sh\"\n";
			showEnvVarsInLog = 0;
		};
		4F00073251DDA9A48E8EFD2D /* [CP] Copy Pods Resources */ = {
			isa = PBXShellScriptBuildPhase;
			buildActionMask = 2147483647;
			files = (
			);
			inputPaths = (
			);
			name = "[CP] Copy Pods Resources";
			outputPaths = (
			);
			runOnlyForDeploymentPostprocessing = 0;
			shellPath = /bin/sh;
			shellScript = "\"${SRCROOT}/Pods/Target Support Files/Pods-pokedex/Pods-pokedex-resources.sh\"\n";
			showEnvVarsInLog = 0;
		};
		C8841FE9E9E8AC5FE1E8D348 /* [CP] Check Pods Manifest.lock */ = {
			isa = PBXShellScriptBuildPhase;
			buildActionMask = 2147483647;
			files = (
			);
			inputPaths = (
			);
			name = "[CP] Check Pods Manifest.lock";
			outputPaths = (
			);
			runOnlyForDeploymentPostprocessing = 0;
			shellPath = /bin/sh;
			shellScript = "diff \"${PODS_ROOT}/../Podfile.lock\" \"${PODS_ROOT}/Manifest.lock\" > /dev/null\nif [[ $? != 0 ]] ; then\n    cat << EOM\nerror: The sandbox is not in sync with the Podfile.lock. Run 'pod install' or update your CocoaPods installation.\nEOM\n    exit 1\nfi\n";
			showEnvVarsInLog = 0;
		};
/* End PBXShellScriptBuildPhase section */

/* Begin PBXSourcesBuildPhase section */
		352A7C941D268C18005E432A /* Sources */ = {
			isa = PBXSourcesBuildPhase;
			buildActionMask = 2147483647;
			files = (
				352A7CB41D2694CB005E432A /* PokeCell.swift in Sources */,
				352A7C9E1D268C18005E432A /* ViewController.swift in Sources */,
				352A7C9C1D268C18005E432A /* AppDelegate.swift in Sources */,
				352A7CBF1D26FDBF005E432A /* PokemonDetailVC.swift in Sources */,
				355B789D1D284797000C91F2 /* Constants.swift in Sources */,
				352A7CB11D268F6B005E432A /* Pokemon.swift in Sources */,
				352A7CB61D269EBF005E432A /* csv.swift in Sources */,
			);
			runOnlyForDeploymentPostprocessing = 0;
		};
/* End PBXSourcesBuildPhase section */

/* Begin PBXVariantGroup section */
		352A7CA41D268C18005E432A /* LaunchScreen.storyboard */ = {
			isa = PBXVariantGroup;
			children = (
				352A7CA51D268C18005E432A /* Base */,
			);
			name = LaunchScreen.storyboard;
			sourceTree = "<group>";
		};
/* End PBXVariantGroup section */

/* Begin XCBuildConfiguration section */
		352A7CA81D268C18005E432A /* Debug */ = {
			isa = XCBuildConfiguration;
			buildSettings = {
				ALWAYS_SEARCH_USER_PATHS = NO;
				CLANG_ANALYZER_NONNULL = YES;
				CLANG_CXX_LANGUAGE_STANDARD = "gnu++0x";
				CLANG_CXX_LIBRARY = "libc++";
				CLANG_ENABLE_MODULES = YES;
				CLANG_ENABLE_OBJC_ARC = YES;
				CLANG_WARN_BOOL_CONVERSION = YES;
				CLANG_WARN_CONSTANT_CONVERSION = YES;
				CLANG_WARN_DIRECT_OBJC_ISA_USAGE = YES_ERROR;
				CLANG_WARN_EMPTY_BODY = YES;
				CLANG_WARN_ENUM_CONVERSION = YES;
				CLANG_WARN_INT_CONVERSION = YES;
				CLANG_WARN_OBJC_ROOT_CLASS = YES_ERROR;
				CLANG_WARN_UNREACHABLE_CODE = YES;
				CLANG_WARN__DUPLICATE_METHOD_MATCH = YES;
				"CODE_SIGN_IDENTITY[sdk=iphoneos*]" = "iPhone Developer";
				COPY_PHASE_STRIP = NO;
				DEBUG_INFORMATION_FORMAT = dwarf;
				ENABLE_STRICT_OBJC_MSGSEND = YES;
				ENABLE_TESTABILITY = YES;
				GCC_C_LANGUAGE_STANDARD = gnu99;
				GCC_DYNAMIC_NO_PIC = NO;
				GCC_NO_COMMON_BLOCKS = YES;
				GCC_OPTIMIZATION_LEVEL = 0;
				GCC_PREPROCESSOR_DEFINITIONS = (
					"DEBUG=1",
					"$(inherited)",
				);
				GCC_WARN_64_TO_32_BIT_CONVERSION = YES;
				GCC_WARN_ABOUT_RETURN_TYPE = YES_ERROR;
				GCC_WARN_UNDECLARED_SELECTOR = YES;
				GCC_WARN_UNINITIALIZED_AUTOS = YES_AGGRESSIVE;
				GCC_WARN_UNUSED_FUNCTION = YES;
				GCC_WARN_UNUSED_VARIABLE = YES;
				IPHONEOS_DEPLOYMENT_TARGET = 9.3;
				MTL_ENABLE_DEBUG_INFO = YES;
				ONLY_ACTIVE_ARCH = YES;
				SDKROOT = iphoneos;
				SWIFT_OPTIMIZATION_LEVEL = "-Onone";
				TARGETED_DEVICE_FAMILY = "1,2";
			};
			name = Debug;
		};
		352A7CA91D268C18005E432A /* Release */ = {
			isa = XCBuildConfiguration;
			buildSettings = {
				ALWAYS_SEARCH_USER_PATHS = NO;
				CLANG_ANALYZER_NONNULL = YES;
				CLANG_CXX_LANGUAGE_STANDARD = "gnu++0x";
				CLANG_CXX_LIBRARY = "libc++";
				CLANG_ENABLE_MODULES = YES;
				CLANG_ENABLE_OBJC_ARC = YES;
				CLANG_WARN_BOOL_CONVERSION = YES;
				CLANG_WARN_CONSTANT_CONVERSION = YES;
				CLANG_WARN_DIRECT_OBJC_ISA_USAGE = YES_ERROR;
				CLANG_WARN_EMPTY_BODY = YES;
				CLANG_WARN_ENUM_CONVERSION = YES;
				CLANG_WARN_INT_CONVERSION = YES;
				CLANG_WARN_OBJC_ROOT_CLASS = YES_ERROR;
				CLANG_WARN_UNREACHABLE_CODE = YES;
				CLANG_WARN__DUPLICATE_METHOD_MATCH = YES;
				"CODE_SIGN_IDENTITY[sdk=iphoneos*]" = "iPhone Developer";
				COPY_PHASE_STRIP = NO;
				DEBUG_INFORMATION_FORMAT = "dwarf-with-dsym";
				ENABLE_NS_ASSERTIONS = NO;
				ENABLE_STRICT_OBJC_MSGSEND = YES;
				GCC_C_LANGUAGE_STANDARD = gnu99;
				GCC_NO_COMMON_BLOCKS = YES;
				GCC_WARN_64_TO_32_BIT_CONVERSION = YES;
				GCC_WARN_ABOUT_RETURN_TYPE = YES_ERROR;
				GCC_WARN_UNDECLARED_SELECTOR = YES;
				GCC_WARN_UNINITIALIZED_AUTOS = YES_AGGRESSIVE;
				GCC_WARN_UNUSED_FUNCTION = YES;
				GCC_WARN_UNUSED_VARIABLE = YES;
				IPHONEOS_DEPLOYMENT_TARGET = 9.3;
				MTL_ENABLE_DEBUG_INFO = NO;
				SDKROOT = iphoneos;
				TARGETED_DEVICE_FAMILY = "1,2";
				VALIDATE_PRODUCT = YES;
			};
			name = Release;
		};
		352A7CAB1D268C18005E432A /* Debug */ = {
			isa = XCBuildConfiguration;
			baseConfigurationReference = 9CEB2909E2848C296DAEFC47 /* Pods-pokedex.debug.xcconfig */;
			buildSettings = {
				ASSETCATALOG_COMPILER_APPICON_NAME = AppIcon;
				INFOPLIST_FILE = pokedex/Info.plist;
				LD_RUNPATH_SEARCH_PATHS = "$(inherited) @executable_path/Frameworks";
				PRODUCT_BUNDLE_IDENTIFIER = com.fredrik.pokedex;
				PRODUCT_NAME = "$(TARGET_NAME)";
			};
			name = Debug;
		};
		352A7CAC1D268C18005E432A /* Release */ = {
			isa = XCBuildConfiguration;
			baseConfigurationReference = 88D9D26089547E9C04AC8317 /* Pods-pokedex.release.xcconfig */;
			buildSettings = {
				ASSETCATALOG_COMPILER_APPICON_NAME = AppIcon;
				INFOPLIST_FILE = pokedex/Info.plist;
				LD_RUNPATH_SEARCH_PATHS = "$(inherited) @executable_path/Frameworks";
				PRODUCT_BUNDLE_IDENTIFIER = com.fredrik.pokedex;
				PRODUCT_NAME = "$(TARGET_NAME)";
			};
			name = Release;
		};
/* End XCBuildConfiguration section */

/* Begin XCConfigurationList section */
		352A7C931D268C18005E432A /* Build configuration list for PBXProject "pokedex" */ = {
			isa = XCConfigurationList;
			buildConfigurations = (
				352A7CA81D268C18005E432A /* Debug */,
				352A7CA91D268C18005E432A /* Release */,
			);
			defaultConfigurationIsVisible = 0;
			defaultConfigurationName = Release;
		};
		352A7CAA1D268C18005E432A /* Build configuration list for PBXNativeTarget "pokedex" */ = {
			isa = XCConfigurationList;
			buildConfigurations = (
				352A7CAB1D268C18005E432A /* Debug */,
				352A7CAC1D268C18005E432A /* Release */,
			);
			defaultConfigurationIsVisible = 0;
			defaultConfigurationName = Release;
		};
/* End XCConfigurationList section */
	};
	rootObject = 352A7C901D268C18005E432A /* Project object */;
}
